
Microsoft Visual Studio Solution File, Format Version 12.00
# Visual Studio 14
VisualStudioVersion = 14.0.25420.1
MinimumVisualStudioVersion = 10.0.40219.1
Project("{FAE04EC0-301F-11D3-BF4B-00C04F79EFBC}") = "puissance4", "puissance4\puissance4.csproj", "{B77632EB-1A31-4107-B86E-2F5D35C71C4F}"
EndProject
Project("{FAE04EC0-301F-11D3-BF4B-00C04F79EFBC}") = "UnitTestProject1", "UnitTestProject1\UnitTestProject1.csproj", "{06E2A735-ED2B-4FD6-9662-A780C8B95679}"
EndProject
Global
	GlobalSection(SolutionConfigurationPlatforms) = preSolution
		Debug|Any CPU = Debug|Any CPU
		Release|Any CPU = Release|Any CPU
	EndGlobalSection
	GlobalSection(ProjectConfigurationPlatforms) = postSolution
		{B77632EB-1A31-4107-B86E-2F5D35C71C4F}.Debug|Any CPU.ActiveCfg = Debug|Any CPU
		{B77632EB-1A31-4107-B86E-2F5D35C71C4F}.Debug|Any CPU.Build.0 = Debug|Any CPU
		{B77632EB-1A31-4107-B86E-2F5D35C71C4F}.Release|Any CPU.ActiveCfg = Release|Any CPU
		{B77632EB-1A31-4107-B86E-2F5D35C71C4F}.Release|Any CPU.Build.0 = Release|Any CPU
		{06E2A735-ED2B-4FD6-9662-A780C8B95679}.Debug|Any CPU.ActiveCfg = Debug|Any CPU
		{06E2A735-ED2B-4FD6-9662-A780C8B95679}.Debug|Any CPU.Build.0 = Debug|Any CPU
		{06E2A735-ED2B-4FD6-9662-A780C8B95679}.Release|Any CPU.ActiveCfg = Release|Any CPU
		{06E2A735-ED2B-4FD6-9662-A780C8B95679}.Release|Any CPU.Build.0 = Release|Any CPU
	EndGlobalSection
	GlobalSection(SolutionProperties) = preSolution
		HideSolutionNode = FALSE
	EndGlobalSection
EndGlobal
